
Microsoft Visual Studio Solution File, Format Version 12.00
# Visual Studio Version 16
VisualStudioVersion = 16.0.30907.101
MinimumVisualStudioVersion = 10.0.40219.1
Project("{FAE04EC0-301F-11D3-BF4B-00C04F79EFBC}") = "BasicPlugin", "BasicPlugin\BasicPlugin.csproj", "{DF29A74C-7A6E-436F-8093-BECFE151381B}"
EndProject
Project("{FAE04EC0-301F-11D3-BF4B-00C04F79EFBC}") = "BasicPluginTests", "BasicPluginTests\BasicPluginTests.csproj", "{018A80E7-E2AE-4B02-8321-C54E1D2AB5D7}"
EndProject
Global
	GlobalSection(SolutionConfigurationPlatforms) = preSolution
		Debug|Any CPU = Debug|Any CPU
		Release|Any CPU = Release|Any CPU
	EndGlobalSection
	GlobalSection(ProjectConfigurationPlatforms) = postSolution
		{DF29A74C-7A6E-436F-8093-BECFE151381B}.Debug|Any CPU.ActiveCfg = Debug|Any CPU
		{DF29A74C-7A6E-436F-8093-BECFE151381B}.Debug|Any CPU.Build.0 = Debug|Any CPU
		{DF29A74C-7A6E-436F-8093-BECFE151381B}.Release|Any CPU.ActiveCfg = Release|Any CPU
		{DF29A74C-7A6E-436F-8093-BECFE151381B}.Release|Any CPU.Build.0 = Release|Any CPU
		{018A80E7-E2AE-4B02-8321-C54E1D2AB5D7}.Debug|Any CPU.ActiveCfg = Debug|Any CPU
		{018A80E7-E2AE-4B02-8321-C54E1D2AB5D7}.Debug|Any CPU.Build.0 = Debug|Any CPU
		{018A80E7-E2AE-4B02-8321-C54E1D2AB5D7}.Release|Any CPU.ActiveCfg = Release|Any CPU
		{018A80E7-E2AE-4B02-8321-C54E1D2AB5D7}.Release|Any CPU.Build.0 = Release|Any CPU
	EndGlobalSection
	GlobalSection(SolutionProperties) = preSolution
		HideSolutionNode = FALSE
	EndGlobalSection
	GlobalSection(ExtensibilityGlobals) = postSolution
		SolutionGuid = {A1EC8410-2E40-46BF-A11F-2E36DD7BC8D9}
	EndGlobalSection
EndGlobal
